
Microsoft Visual Studio Solution File, Format Version 12.00
# Visual Studio 14
VisualStudioVersion = 14.0.25420.1
MinimumVisualStudioVersion = 10.0.40219.1
Project("{FAE04EC0-301F-11D3-BF4B-00C04F79EFBC}") = "MyEshop", "MyEshop\MyEshop.csproj", "{7A9A6EFF-3378-49F9-8E79-A7BAD6BD5F6B}"
EndProject
Project("{FAE04EC0-301F-11D3-BF4B-00C04F79EFBC}") = "DataLayer", "DataLayer\DataLayer.csproj", "{1AC57EE1-5F19-44E7-9BEF-B332B57B8134}"
EndProject
Global
	GlobalSection(SolutionConfigurationPlatforms) = preSolution
		Debug|Any CPU = Debug|Any CPU
		Release|Any CPU = Release|Any CPU
	EndGlobalSection
	GlobalSection(ProjectConfigurationPlatforms) = postSolution
		{7A9A6EFF-3378-49F9-8E79-A7BAD6BD5F6B}.Debug|Any CPU.ActiveCfg = Debug|Any CPU
		{7A9A6EFF-3378-49F9-8E79-A7BAD6BD5F6B}.Debug|Any CPU.Build.0 = Debug|Any CPU
		{7A9A6EFF-3378-49F9-8E79-A7BAD6BD5F6B}.Release|Any CPU.ActiveCfg = Release|Any CPU
		{7A9A6EFF-3378-49F9-8E79-A7BAD6BD5F6B}.Release|Any CPU.Build.0 = Release|Any CPU
		{1AC57EE1-5F19-44E7-9BEF-B332B57B8134}.Debug|Any CPU.ActiveCfg = Debug|Any CPU
		{1AC57EE1-5F19-44E7-9BEF-B332B57B8134}.Debug|Any CPU.Build.0 = Debug|Any CPU
		{1AC57EE1-5F19-44E7-9BEF-B332B57B8134}.Release|Any CPU.ActiveCfg = Release|Any CPU
		{1AC57EE1-5F19-44E7-9BEF-B332B57B8134}.Release|Any CPU.Build.0 = Release|Any CPU
	EndGlobalSection
	GlobalSection(SolutionProperties) = preSolution
		HideSolutionNode = FALSE
	EndGlobalSection
EndGlobal
